github.com/antlr/antlr4 v0.0.0-20200119161855-7a3f40bc341d h1:YyyukUZiej+hTJINHjowi57xLQE9SN2KOJ7kYMKhr7I=
github.com/antlr/antlr4 v0.0.0-20200119161855-7a3f40bc341d/go.mod h1:T7PbCXFs94rrTttyxjbyT5+/1V8T2TYDejxUfHJjw1Y=
github.com/panda-foundation/panda v0.0.0-20190813154318-0e372fb551e6 h1:mvmNMQM5rKHLswu7ICb9ocrLSdo7ScP6PROdrGaDoeg=
github.com/panda-foundation/panda v0.0.0-20190813154318-0e372fb551e6/go.mod h1:XfFykAMXjvthuA7m+hh4HxgK2U6pUzWg2hT/mZmbNoE=
